
Microsoft Visual Studio Solution File, Format Version 12.00
# Visual Studio Version 16
VisualStudioVersion = 16.0.30804.86
MinimumVisualStudioVersion = 10.0.40219.1
Project("{FAE04EC0-301F-11D3-BF4B-00C04F79EFBC}") = "CinemaFlyweighAplication", "CinemaFlyweighAplication\CinemaFlyweighAplication.csproj", "{1E196BCD-BDDE-415E-88E9-D1B04DABDF90}"
EndProject
Global
	GlobalSection(SolutionConfigurationPlatforms) = preSolution
		Debug|Any CPU = Debug|Any CPU
		Release|Any CPU = Release|Any CPU
	EndGlobalSection
	GlobalSection(ProjectConfigurationPlatforms) = postSolution
		{1E196BCD-BDDE-415E-88E9-D1B04DABDF90}.Debug|Any CPU.ActiveCfg = Debug|Any CPU
		{1E196BCD-BDDE-415E-88E9-D1B04DABDF90}.Debug|Any CPU.Build.0 = Debug|Any CPU
		{1E196BCD-BDDE-415E-88E9-D1B04DABDF90}.Release|Any CPU.ActiveCfg = Release|Any CPU
		{1E196BCD-BDDE-415E-88E9-D1B04DABDF90}.Release|Any CPU.Build.0 = Release|Any CPU
	EndGlobalSection
	GlobalSection(SolutionProperties) = preSolution
		HideSolutionNode = FALSE
	EndGlobalSection
	GlobalSection(ExtensibilityGlobals) = postSolution
		SolutionGuid = {2714410E-98EC-47E6-88A2-C5F8E7746D80}
	EndGlobalSection
EndGlobal
